{
  "name": "b92ed0e02e7e7f2b",
  "lockfileVersion": 3,
  "requires": true,
  "packages": {
    "": {
      "dependencies": {
        "create-cloudflare": "^2.68.2"
      }
    },
    "node_modules/create-cloudflare": {
      "version": "2.68.2",
      "resolved": "https://registry.npmjs.org/create-cloudflare/-/create-cloudflare-2.68.2.tgz",
      "integrity": "sha512-XWWYrM5kBg/im6dM6kX7bHXK5Z95UU0hLYNufR/4OBKwGrw8/Zt/IShGA0UBjPMhCe+1tfs32aDSI4yA5J9Yqg==",
      "license": "MIT OR Apache-2.0",
      "bin": {
        "create-cloudflare": "bin/c3.js"
      },
      "engines": {
        "node": ">=22.0.0"
      }
    }
  }
}
